<?xml version="1.0" encoding="UTF-8" standalone="yes" ?>
<CodeBlocks_project_file>
	<FileVersion major="1" minor="6" />
	<Project>
		<Option title="Pikachu" />
		<Option pch_mode="2" />
		<Option compiler="gcc" />
		<Build>
			<Target title="Debug">
				<Option output="bin/Debug/Pikachu" prefix_auto="1" extension_auto="1" />
				<Option object_output="obj/Debug/" />
				<Option type="1" />
				<Option compiler="gcc" />
				<Compiler>
					<Add option="-g" />
				</Compiler>
			</Target>
			<Target title="Release">
				<Option output="bin/Release/Pikachu" prefix_auto="1" extension_auto="1" />
				<Option object_output="obj/Release/" />
				<Option type="1" />
				<Option compiler="gcc" />
				<Compiler>
					<Add option="-O2" />
				</Compiler>
				<Linker>
					<Add option="-s" />
				</Linker>
			</Target>
		</Build>
		<Compiler>
			<Add option="-Wall" />
		</Compiler>
		<Unit filename="Pikachu.cpp" />
		<Unit filename="button.cpp" />
		<Unit filename="button.h" />
		<Unit filename="create_window.cpp" />
		<Unit filename="create_window.h" />
		<Unit filename="delete.cpp" />
		<Unit filename="delete.h" />
		<Unit filename="everything.h" />
		<Unit filename="game.cpp" />
		<Unit filename="game.h" />
		<Unit filename="menu.cpp" />
		<Unit filename="menu.h" />
		<Unit filename="sub_menu.cpp" />
		<Unit filename="sub_menu.h" />
		<Unit filename="texture_manager.cpp" />
		<Unit filename="texture_manager.h" />
		<Unit filename="timer.cpp" />
		<Unit filename="timer.h" />
		<Extensions>
			<lib_finder disable_auto="1" />
		</Extensions>
	</Project>
</CodeBlocks_project_file>
